
Microsoft Visual Studio Solution File, Format Version 11.00
# Visual Studio 2010
Project("{8BC9CEB8-8B4A-11D0-8D11-00A0C91BC942}") = "UiLib", "UiLib\UiLib.vcxproj", "{8008C984-6884-460A-8242-9A58A7A77036}"
EndProject
Project("{8BC9CEB8-8B4A-11D0-8D11-00A0C91BC942}") = "UiLib_Demos", "UiLib_Demos\UiLib_Demos\UiLib_Domes.vcxproj", "{E282991F-F1A8-4B15-8A61-1182B665B6B7}"
	ProjectSection(ProjectDependencies) = postProject
		{CF66AA62-D639-4DEF-A70C-65BBBEC19CCA} = {CF66AA62-D639-4DEF-A70C-65BBBEC19CCA}
		{12F1EB73-752E-422E-B5EF-C7FB171EDD7D} = {12F1EB73-752E-422E-B5EF-C7FB171EDD7D}
		{7C339790-6D4F-4395-92EB-F190878ED122} = {7C339790-6D4F-4395-92EB-F190878ED122}
	EndProjectSection
EndProject
Project("{8BC9CEB8-8B4A-11D0-8D11-00A0C91BC942}") = "Render_SKIA", "Render_SKIA\Render_SKIA.vcxproj", "{7C339790-6D4F-4395-92EB-F190878ED122}"
	ProjectSection(ProjectDependencies) = postProject
		{8008C984-6884-460A-8242-9A58A7A77036} = {8008C984-6884-460A-8242-9A58A7A77036}
	EndProjectSection
EndProject
Project("{8BC9CEB8-8B4A-11D0-8D11-00A0C91BC942}") = "Render_GDI", "Render_GDI\Render_GDI.vcxproj", "{12F1EB73-752E-422E-B5EF-C7FB171EDD7D}"
	ProjectSection(ProjectDependencies) = postProject
		{8008C984-6884-460A-8242-9A58A7A77036} = {8008C984-6884-460A-8242-9A58A7A77036}
	EndProjectSection
EndProject
Project("{8BC9CEB8-8B4A-11D0-8D11-00A0C91BC942}") = "Render_D2D", "Render_D2D\Render_D2D.vcxproj", "{CF66AA62-D639-4DEF-A70C-65BBBEC19CCA}"
	ProjectSection(ProjectDependencies) = postProject
		{8008C984-6884-460A-8242-9A58A7A77036} = {8008C984-6884-460A-8242-9A58A7A77036}
	EndProjectSection
EndProject
Project("{2150E333-8FDC-42A3-9474-1A3956D46DE8}") = "Renders", "Renders", "{0A3B75D1-4DF0-448C-9451-457F7FEDE0AD}"
EndProject
Project("{2150E333-8FDC-42A3-9474-1A3956D46DE8}") = "Demos", "Demos", "{E5EC5610-6545-4A2B-8622-F4E4C9D1CA74}"
EndProject
Project("{8BC9CEB8-8B4A-11D0-8D11-00A0C91BC942}") = "ControlDemo", "UiLib_Demos\ControlDemo\ControlDemo.vcxproj", "{E37DE333-34F9-4A09-AF45-8393FB74960E}"
	ProjectSection(ProjectDependencies) = postProject
		{CF66AA62-D639-4DEF-A70C-65BBBEC19CCA} = {CF66AA62-D639-4DEF-A70C-65BBBEC19CCA}
		{12F1EB73-752E-422E-B5EF-C7FB171EDD7D} = {12F1EB73-752E-422E-B5EF-C7FB171EDD7D}
		{8008C984-6884-460A-8242-9A58A7A77036} = {8008C984-6884-460A-8242-9A58A7A77036}
		{7C339790-6D4F-4395-92EB-F190878ED122} = {7C339790-6D4F-4395-92EB-F190878ED122}
	EndProjectSection
EndProject
Project("{8BC9CEB8-8B4A-11D0-8D11-00A0C91BC942}") = "MultiProcessChrome", "UiLib_Demos\MultiProcessChrome\MultiProcessChrome.vcxproj", "{88F2802B-FA69-4DE4-8CA4-99ED9B186B2C}"
EndProject
Project("{8BC9CEB8-8B4A-11D0-8D11-00A0C91BC942}") = "XMLEncrypt", "UiLib_Demos\XMLEncrypt\XMLEncrypt.vcxproj", "{3A00CF3E-6EA5-4DAD-AFA5-9A9B6FD432B1}"
	ProjectSection(ProjectDependencies) = postProject
		{8008C984-6884-460A-8242-9A58A7A77036} = {8008C984-6884-460A-8242-9A58A7A77036}
	EndProjectSection
EndProject
Project("{8BC9CEB8-8B4A-11D0-8D11-00A0C91BC942}") = "CEFDemo", "UiLib_Demos\CEFDemo\CEFDemo.vcxproj", "{A02DF5A2-BD37-411B-94D9-A2FB1B62CD26}"
EndProject
Global
	GlobalSection(SolutionConfigurationPlatforms) = preSolution
		Debug|Win32 = Debug|Win32
		DLL_Debug|Win32 = DLL_Debug|Win32
		DLL_Release|Win32 = DLL_Release|Win32
		Release|Win32 = Release|Win32
		Static_Debug|Win32 = Static_Debug|Win32
		Static_Release|Win32 = Static_Release|Win32
	EndGlobalSection
	GlobalSection(ProjectConfigurationPlatforms) = postSolution
		{8008C984-6884-460A-8242-9A58A7A77036}.Debug|Win32.ActiveCfg = DLL_Debug|Win32
		{8008C984-6884-460A-8242-9A58A7A77036}.Debug|Win32.Build.0 = DLL_Debug|Win32
		{8008C984-6884-460A-8242-9A58A7A77036}.DLL_Debug|Win32.ActiveCfg = DLL_Debug|Win32
		{8008C984-6884-460A-8242-9A58A7A77036}.DLL_Debug|Win32.Build.0 = DLL_Debug|Win32
		{8008C984-6884-460A-8242-9A58A7A77036}.DLL_Release|Win32.ActiveCfg = DLL_Release|Win32
		{8008C984-6884-460A-8242-9A58A7A77036}.DLL_Release|Win32.Build.0 = DLL_Release|Win32
		{8008C984-6884-460A-8242-9A58A7A77036}.Release|Win32.ActiveCfg = DLL_Release|Win32
		{8008C984-6884-460A-8242-9A58A7A77036}.Release|Win32.Build.0 = DLL_Release|Win32
		{8008C984-6884-460A-8242-9A58A7A77036}.Static_Debug|Win32.ActiveCfg = Static_Debug|Win32
		{8008C984-6884-460A-8242-9A58A7A77036}.Static_Debug|Win32.Build.0 = Static_Debug|Win32
		{8008C984-6884-460A-8242-9A58A7A77036}.Static_Release|Win32.ActiveCfg = Static_Release|Win32
		{8008C984-6884-460A-8242-9A58A7A77036}.Static_Release|Win32.Build.0 = Static_Release|Win32
		{E282991F-F1A8-4B15-8A61-1182B665B6B7}.Debug|Win32.ActiveCfg = DLL_Debug|Win32
		{E282991F-F1A8-4B15-8A61-1182B665B6B7}.Debug|Win32.Build.0 = DLL_Debug|Win32
		{E282991F-F1A8-4B15-8A61-1182B665B6B7}.DLL_Debug|Win32.ActiveCfg = DLL_Debug|Win32
		{E282991F-F1A8-4B15-8A61-1182B665B6B7}.DLL_Debug|Win32.Build.0 = DLL_Debug|Win32
		{E282991F-F1A8-4B15-8A61-1182B665B6B7}.DLL_Release|Win32.ActiveCfg = DLL_Release|Win32
		{E282991F-F1A8-4B15-8A61-1182B665B6B7}.DLL_Release|Win32.Build.0 = DLL_Release|Win32
		{E282991F-F1A8-4B15-8A61-1182B665B6B7}.Release|Win32.ActiveCfg = DLL_Release|Win32
		{E282991F-F1A8-4B15-8A61-1182B665B6B7}.Release|Win32.Build.0 = DLL_Release|Win32
		{E282991F-F1A8-4B15-8A61-1182B665B6B7}.Static_Debug|Win32.ActiveCfg = Static_Debug|Win32
		{E282991F-F1A8-4B15-8A61-1182B665B6B7}.Static_Debug|Win32.Build.0 = Static_Debug|Win32
		{E282991F-F1A8-4B15-8A61-1182B665B6B7}.Static_Release|Win32.ActiveCfg = Static_Release|Win32
		{E282991F-F1A8-4B15-8A61-1182B665B6B7}.Static_Release|Win32.Build.0 = Static_Release|Win32
		{7C339790-6D4F-4395-92EB-F190878ED122}.Debug|Win32.ActiveCfg = Debug|Win32
		{7C339790-6D4F-4395-92EB-F190878ED122}.Debug|Win32.Build.0 = Debug|Win32
		{7C339790-6D4F-4395-92EB-F190878ED122}.DLL_Debug|Win32.ActiveCfg = Debug|Win32
		{7C339790-6D4F-4395-92EB-F190878ED122}.DLL_Debug|Win32.Build.0 = Debug|Win32
		{7C339790-6D4F-4395-92EB-F190878ED122}.DLL_Release|Win32.ActiveCfg = Release|Win32
		{7C339790-6D4F-4395-92EB-F190878ED122}.DLL_Release|Win32.Build.0 = Release|Win32
		{7C339790-6D4F-4395-92EB-F190878ED122}.Release|Win32.ActiveCfg = Release|Win32
		{7C339790-6D4F-4395-92EB-F190878ED122}.Release|Win32.Build.0 = Release|Win32
		{7C339790-6D4F-4395-92EB-F190878ED122}.Static_Debug|Win32.ActiveCfg = Debug|Win32
		{7C339790-6D4F-4395-92EB-F190878ED122}.Static_Debug|Win32.Build.0 = Debug|Win32
		{7C339790-6D4F-4395-92EB-F190878ED122}.Static_Release|Win32.ActiveCfg = Release|Win32
		{7C339790-6D4F-4395-92EB-F190878ED122}.Static_Release|Win32.Build.0 = Release|Win32
		{12F1EB73-752E-422E-B5EF-C7FB171EDD7D}.Debug|Win32.ActiveCfg = Debug|Win32
		{12F1EB73-752E-422E-B5EF-C7FB171EDD7D}.Debug|Win32.Build.0 = Debug|Win32
		{12F1EB73-752E-422E-B5EF-C7FB171EDD7D}.DLL_Debug|Win32.ActiveCfg = Debug|Win32
		{12F1EB73-752E-422E-B5EF-C7FB171EDD7D}.DLL_Debug|Win32.Build.0 = Debug|Win32
		{12F1EB73-752E-422E-B5EF-C7FB171EDD7D}.DLL_Release|Win32.ActiveCfg = Release|Win32
		{12F1EB73-752E-422E-B5EF-C7FB171EDD7D}.DLL_Release|Win32.Build.0 = Release|Win32
		{12F1EB73-752E-422E-B5EF-C7FB171EDD7D}.Release|Win32.ActiveCfg = Release|Win32
		{12F1EB73-752E-422E-B5EF-C7FB171EDD7D}.Release|Win32.Build.0 = Release|Win32
		{12F1EB73-752E-422E-B5EF-C7FB171EDD7D}.Static_Debug|Win32.ActiveCfg = Debug|Win32
		{12F1EB73-752E-422E-B5EF-C7FB171EDD7D}.Static_Debug|Win32.Build.0 = Debug|Win32
		{12F1EB73-752E-422E-B5EF-C7FB171EDD7D}.Static_Release|Win32.ActiveCfg = Release|Win32
		{12F1EB73-752E-422E-B5EF-C7FB171EDD7D}.Static_Release|Win32.Build.0 = Release|Win32
		{CF66AA62-D639-4DEF-A70C-65BBBEC19CCA}.Debug|Win32.ActiveCfg = Debug|Win32
		{CF66AA62-D639-4DEF-A70C-65BBBEC19CCA}.Debug|Win32.Build.0 = Debug|Win32
		{CF66AA62-D639-4DEF-A70C-65BBBEC19CCA}.DLL_Debug|Win32.ActiveCfg = Debug|Win32
		{CF66AA62-D639-4DEF-A70C-65BBBEC19CCA}.DLL_Debug|Win32.Build.0 = Debug|Win32
		{CF66AA62-D639-4DEF-A70C-65BBBEC19CCA}.DLL_Release|Win32.ActiveCfg = Release|Win32
		{CF66AA62-D639-4DEF-A70C-65BBBEC19CCA}.DLL_Release|Win32.Build.0 = Release|Win32
		{CF66AA62-D639-4DEF-A70C-65BBBEC19CCA}.Release|Win32.ActiveCfg = Release|Win32
		{CF66AA62-D639-4DEF-A70C-65BBBEC19CCA}.Release|Win32.Build.0 = Release|Win32
		{CF66AA62-D639-4DEF-A70C-65BBBEC19CCA}.Static_Debug|Win32.ActiveCfg = Debug|Win32
		{CF66AA62-D639-4DEF-A70C-65BBBEC19CCA}.Static_Debug|Win32.Build.0 = Debug|Win32
		{CF66AA62-D639-4DEF-A70C-65BBBEC19CCA}.Static_Release|Win32.ActiveCfg = Release|Win32
		{CF66AA62-D639-4DEF-A70C-65BBBEC19CCA}.Static_Release|Win32.Build.0 = Release|Win32
		{E37DE333-34F9-4A09-AF45-8393FB74960E}.Debug|Win32.ActiveCfg = Debug|Win32
		{E37DE333-34F9-4A09-AF45-8393FB74960E}.Debug|Win32.Build.0 = Debug|Win32
		{E37DE333-34F9-4A09-AF45-8393FB74960E}.DLL_Debug|Win32.ActiveCfg = Debug|Win32
		{E37DE333-34F9-4A09-AF45-8393FB74960E}.DLL_Debug|Win32.Build.0 = Debug|Win32
		{E37DE333-34F9-4A09-AF45-8393FB74960E}.DLL_Release|Win32.ActiveCfg = Release|Win32
		{E37DE333-34F9-4A09-AF45-8393FB74960E}.DLL_Release|Win32.Build.0 = Release|Win32
		{E37DE333-34F9-4A09-AF45-8393FB74960E}.Release|Win32.ActiveCfg = Release|Win32
		{E37DE333-34F9-4A09-AF45-8393FB74960E}.Release|Win32.Build.0 = Release|Win32
		{E37DE333-34F9-4A09-AF45-8393FB74960E}.Static_Debug|Win32.ActiveCfg = Debug|Win32
		{E37DE333-34F9-4A09-AF45-8393FB74960E}.Static_Debug|Win32.Build.0 = Debug|Win32
		{E37DE333-34F9-4A09-AF45-8393FB74960E}.Static_Release|Win32.ActiveCfg = Release|Win32
		{E37DE333-34F9-4A09-AF45-8393FB74960E}.Static_Release|Win32.Build.0 = Release|Win32
		{88F2802B-FA69-4DE4-8CA4-99ED9B186B2C}.Debug|Win32.ActiveCfg = Debug|Win32
		{88F2802B-FA69-4DE4-8CA4-99ED9B186B2C}.Debug|Win32.Build.0 = Debug|Win32
		{88F2802B-FA69-4DE4-8CA4-99ED9B186B2C}.DLL_Debug|Win32.ActiveCfg = Debug|Win32
		{88F2802B-FA69-4DE4-8CA4-99ED9B186B2C}.DLL_Release|Win32.ActiveCfg = Release|Win32
		{88F2802B-FA69-4DE4-8CA4-99ED9B186B2C}.DLL_Release|Win32.Build.0 = Release|Win32
		{88F2802B-FA69-4DE4-8CA4-99ED9B186B2C}.Release|Win32.ActiveCfg = Release|Win32
		{88F2802B-FA69-4DE4-8CA4-99ED9B186B2C}.Release|Win32.Build.0 = Release|Win32
		{88F2802B-FA69-4DE4-8CA4-99ED9B186B2C}.Static_Debug|Win32.ActiveCfg = Debug|Win32
		{88F2802B-FA69-4DE4-8CA4-99ED9B186B2C}.Static_Debug|Win32.Build.0 = Debug|Win32
		{88F2802B-FA69-4DE4-8CA4-99ED9B186B2C}.Static_Release|Win32.ActiveCfg = Release|Win32
		{88F2802B-FA69-4DE4-8CA4-99ED9B186B2C}.Static_Release|Win32.Build.0 = Release|Win32
		{3A00CF3E-6EA5-4DAD-AFA5-9A9B6FD432B1}.Debug|Win32.ActiveCfg = Debug|Win32
		{3A00CF3E-6EA5-4DAD-AFA5-9A9B6FD432B1}.Debug|Win32.Build.0 = Debug|Win32
		{3A00CF3E-6EA5-4DAD-AFA5-9A9B6FD432B1}.DLL_Debug|Win32.ActiveCfg = Debug|Win32
		{3A00CF3E-6EA5-4DAD-AFA5-9A9B6FD432B1}.DLL_Debug|Win32.Build.0 = Debug|Win32
		{3A00CF3E-6EA5-4DAD-AFA5-9A9B6FD432B1}.DLL_Release|Win32.ActiveCfg = Release|Win32
		{3A00CF3E-6EA5-4DAD-AFA5-9A9B6FD432B1}.DLL_Release|Win32.Build.0 = Release|Win32
		{3A00CF3E-6EA5-4DAD-AFA5-9A9B6FD432B1}.Release|Win32.ActiveCfg = Release|Win32
		{3A00CF3E-6EA5-4DAD-AFA5-9A9B6FD432B1}.Release|Win32.Build.0 = Release|Win32
		{3A00CF3E-6EA5-4DAD-AFA5-9A9B6FD432B1}.Static_Debug|Win32.ActiveCfg = Debug|Win32
		{3A00CF3E-6EA5-4DAD-AFA5-9A9B6FD432B1}.Static_Debug|Win32.Build.0 = Debug|Win32
		{3A00CF3E-6EA5-4DAD-AFA5-9A9B6FD432B1}.Static_Release|Win32.ActiveCfg = Release|Win32
		{3A00CF3E-6EA5-4DAD-AFA5-9A9B6FD432B1}.Static_Release|Win32.Build.0 = Release|Win32
		{A02DF5A2-BD37-411B-94D9-A2FB1B62CD26}.Debug|Win32.ActiveCfg = Debug|Win32
		{A02DF5A2-BD37-411B-94D9-A2FB1B62CD26}.Debug|Win32.Build.0 = Debug|Win32
		{A02DF5A2-BD37-411B-94D9-A2FB1B62CD26}.DLL_Debug|Win32.ActiveCfg = Debug|Win32
		{A02DF5A2-BD37-411B-94D9-A2FB1B62CD26}.DLL_Debug|Win32.Build.0 = Debug|Win32
		{A02DF5A2-BD37-411B-94D9-A2FB1B62CD26}.DLL_Release|Win32.ActiveCfg = Release|Win32
		{A02DF5A2-BD37-411B-94D9-A2FB1B62CD26}.DLL_Release|Win32.Build.0 = Release|Win32
		{A02DF5A2-BD37-411B-94D9-A2FB1B62CD26}.Release|Win32.ActiveCfg = Release|Win32
		{A02DF5A2-BD37-411B-94D9-A2FB1B62CD26}.Release|Win32.Build.0 = Release|Win32
		{A02DF5A2-BD37-411B-94D9-A2FB1B62CD26}.Static_Debug|Win32.ActiveCfg = Debug|Win32
		{A02DF5A2-BD37-411B-94D9-A2FB1B62CD26}.Static_Debug|Win32.Build.0 = Debug|Win32
		{A02DF5A2-BD37-411B-94D9-A2FB1B62CD26}.Static_Release|Win32.ActiveCfg = Release|Win32
		{A02DF5A2-BD37-411B-94D9-A2FB1B62CD26}.Static_Release|Win32.Build.0 = Release|Win32
	EndGlobalSection
	GlobalSection(SolutionProperties) = preSolution
		HideSolutionNode = FALSE
	EndGlobalSection
	GlobalSection(NestedProjects) = preSolution
		{E282991F-F1A8-4B15-8A61-1182B665B6B7} = {E5EC5610-6545-4A2B-8622-F4E4C9D1CA74}
		{E37DE333-34F9-4A09-AF45-8393FB74960E} = {E5EC5610-6545-4A2B-8622-F4E4C9D1CA74}
		{88F2802B-FA69-4DE4-8CA4-99ED9B186B2C} = {E5EC5610-6545-4A2B-8622-F4E4C9D1CA74}
		{3A00CF3E-6EA5-4DAD-AFA5-9A9B6FD432B1} = {E5EC5610-6545-4A2B-8622-F4E4C9D1CA74}
		{A02DF5A2-BD37-411B-94D9-A2FB1B62CD26} = {E5EC5610-6545-4A2B-8622-F4E4C9D1CA74}
		{12F1EB73-752E-422E-B5EF-C7FB171EDD7D} = {0A3B75D1-4DF0-448C-9451-457F7FEDE0AD}
		{CF66AA62-D639-4DEF-A70C-65BBBEC19CCA} = {0A3B75D1-4DF0-448C-9451-457F7FEDE0AD}
		{7C339790-6D4F-4395-92EB-F190878ED122} = {0A3B75D1-4DF0-448C-9451-457F7FEDE0AD}
	EndGlobalSection
EndGlobal
